
Microsoft Visual Studio Solution File, Format Version 12.00
# Visual Studio Version 17
VisualStudioVersion = 17.5.002.0
MinimumVisualStudioVersion = 10.0.40219.1
Project("{9A19103F-16F7-4668-BE54-9A1E7A4F7556}") = "Soru1", "Soru1.csproj", "{DEB382C1-BB86-47B5-9BE6-C8AD6116AC4B}"
EndProject
Global
	GlobalSection(SolutionConfigurationPlatforms) = preSolution
		Debug|Any CPU = Debug|Any CPU
		Release|Any CPU = Release|Any CPU
	EndGlobalSection
	GlobalSection(ProjectConfigurationPlatforms) = postSolution
		{DEB382C1-BB86-47B5-9BE6-C8AD6116AC4B}.Debug|Any CPU.ActiveCfg = Debug|Any CPU
		{DEB382C1-BB86-47B5-9BE6-C8AD6116AC4B}.Debug|Any CPU.Build.0 = Debug|Any CPU
		{DEB382C1-BB86-47B5-9BE6-C8AD6116AC4B}.Release|Any CPU.ActiveCfg = Release|Any CPU
		{DEB382C1-BB86-47B5-9BE6-C8AD6116AC4B}.Release|Any CPU.Build.0 = Release|Any CPU
	EndGlobalSection
	GlobalSection(SolutionProperties) = preSolution
		HideSolutionNode = FALSE
	EndGlobalSection
	GlobalSection(ExtensibilityGlobals) = postSolution
		SolutionGuid = {C41E5716-A29F-42B2-A58B-50885D585704}
	EndGlobalSection
EndGlobal
