
Microsoft Visual Studio Solution File, Format Version 12.00
# Visual Studio Version 17
VisualStudioVersion = 17.5.002.0
MinimumVisualStudioVersion = 10.0.40219.1
Project("{9A19103F-16F7-4668-BE54-9A1E7A4F7556}") = "Soru3", "Soru3.csproj", "{B4B88124-C48F-4B65-8428-7F2811751310}"
EndProject
Global
	GlobalSection(SolutionConfigurationPlatforms) = preSolution
		Debug|Any CPU = Debug|Any CPU
		Release|Any CPU = Release|Any CPU
	EndGlobalSection
	GlobalSection(ProjectConfigurationPlatforms) = postSolution
		{B4B88124-C48F-4B65-8428-7F2811751310}.Debug|Any CPU.ActiveCfg = Debug|Any CPU
		{B4B88124-C48F-4B65-8428-7F2811751310}.Debug|Any CPU.Build.0 = Debug|Any CPU
		{B4B88124-C48F-4B65-8428-7F2811751310}.Release|Any CPU.ActiveCfg = Release|Any CPU
		{B4B88124-C48F-4B65-8428-7F2811751310}.Release|Any CPU.Build.0 = Release|Any CPU
	EndGlobalSection
	GlobalSection(SolutionProperties) = preSolution
		HideSolutionNode = FALSE
	EndGlobalSection
	GlobalSection(ExtensibilityGlobals) = postSolution
		SolutionGuid = {4F257287-9808-4D83-9342-14A41CB7B56E}
	EndGlobalSection
EndGlobal
