
Microsoft Visual Studio Solution File, Format Version 12.00
# Visual Studio Version 17
VisualStudioVersion = 17.0.31903.59
MinimumVisualStudioVersion = 10.0.40219.1
Project("{FAE04EC0-301F-11D3-BF4B-00C04F79EFBC}") = "Soru8", "Soru8\Soru8.csproj", "{0684C95B-9527-4B43-BBF4-A3C917B5E83F}"
EndProject
Project("{FAE04EC0-301F-11D3-BF4B-00C04F79EFBC}") = "Soru9", "Soru9\Soru9.csproj", "{A84F17B6-CE36-4F62-ADE7-99EF2ED6C962}"
EndProject
Project("{FAE04EC0-301F-11D3-BF4B-00C04F79EFBC}") = "Soru10", "Soru10\Soru10.csproj", "{32E2046F-62B5-4F0A-A888-43F9BABE386B}"
EndProject
Project("{FAE04EC0-301F-11D3-BF4B-00C04F79EFBC}") = "Soru11", "Soru11\Soru11.csproj", "{167746D2-2625-4E4E-883B-CFD4A1A853DC}"
EndProject
Project("{FAE04EC0-301F-11D3-BF4B-00C04F79EFBC}") = "Soru12", "Soru12\Soru12.csproj", "{1C668F87-C50C-469D-88C4-D578D53C619F}"
EndProject
Project("{FAE04EC0-301F-11D3-BF4B-00C04F79EFBC}") = "Soru13", "Soru13\Soru13.csproj", "{9FA2DF8C-60DB-4FDF-A150-818F5F5AD8EA}"
EndProject
Project("{FAE04EC0-301F-11D3-BF4B-00C04F79EFBC}") = "Soru14", "Soru14\Soru14.csproj", "{C991CE8D-697A-4F6A-B7DB-04C470571E47}"
EndProject
Project("{FAE04EC0-301F-11D3-BF4B-00C04F79EFBC}") = "Soru15", "Soru15\Soru15.csproj", "{C06530A5-BFCF-4653-AB08-4D3B93380630}"
EndProject
Project("{FAE04EC0-301F-11D3-BF4B-00C04F79EFBC}") = "Soru16", "Soru16\Soru16.csproj", "{A8264D82-52CE-48BF-89B5-3F71310C0B63}"
EndProject
Project("{FAE04EC0-301F-11D3-BF4B-00C04F79EFBC}") = "Soru17", "Soru17\Soru17.csproj", "{A959C503-4C87-4B1C-AC44-2A6CF897EB3E}"
EndProject
Project("{FAE04EC0-301F-11D3-BF4B-00C04F79EFBC}") = "Soru18", "Soru18\Soru18.csproj", "{201AA91A-9313-40AF-81D6-50B78C5D2531}"
EndProject
Project("{FAE04EC0-301F-11D3-BF4B-00C04F79EFBC}") = "Soru19", "Soru19\Soru19.csproj", "{08888D4E-17B4-46B3-A4AF-698E356311C2}"
EndProject
Project("{FAE04EC0-301F-11D3-BF4B-00C04F79EFBC}") = "Soru20", "Soru20\Soru20.csproj", "{83221549-D76A-4E3A-B8DB-3CD4F2CFCA6A}"
EndProject
Global
	GlobalSection(SolutionConfigurationPlatforms) = preSolution
		Debug|Any CPU = Debug|Any CPU
		Release|Any CPU = Release|Any CPU
	EndGlobalSection
	GlobalSection(SolutionProperties) = preSolution
		HideSolutionNode = FALSE
	EndGlobalSection
	GlobalSection(ProjectConfigurationPlatforms) = postSolution
		{0684C95B-9527-4B43-BBF4-A3C917B5E83F}.Debug|Any CPU.ActiveCfg = Debug|Any CPU
		{0684C95B-9527-4B43-BBF4-A3C917B5E83F}.Debug|Any CPU.Build.0 = Debug|Any CPU
		{0684C95B-9527-4B43-BBF4-A3C917B5E83F}.Release|Any CPU.ActiveCfg = Release|Any CPU
		{0684C95B-9527-4B43-BBF4-A3C917B5E83F}.Release|Any CPU.Build.0 = Release|Any CPU
		{A84F17B6-CE36-4F62-ADE7-99EF2ED6C962}.Debug|Any CPU.ActiveCfg = Debug|Any CPU
		{A84F17B6-CE36-4F62-ADE7-99EF2ED6C962}.Debug|Any CPU.Build.0 = Debug|Any CPU
		{A84F17B6-CE36-4F62-ADE7-99EF2ED6C962}.Release|Any CPU.ActiveCfg = Release|Any CPU
		{A84F17B6-CE36-4F62-ADE7-99EF2ED6C962}.Release|Any CPU.Build.0 = Release|Any CPU
		{32E2046F-62B5-4F0A-A888-43F9BABE386B}.Debug|Any CPU.ActiveCfg = Debug|Any CPU
		{32E2046F-62B5-4F0A-A888-43F9BABE386B}.Debug|Any CPU.Build.0 = Debug|Any CPU
		{32E2046F-62B5-4F0A-A888-43F9BABE386B}.Release|Any CPU.ActiveCfg = Release|Any CPU
		{32E2046F-62B5-4F0A-A888-43F9BABE386B}.Release|Any CPU.Build.0 = Release|Any CPU
		{167746D2-2625-4E4E-883B-CFD4A1A853DC}.Debug|Any CPU.ActiveCfg = Debug|Any CPU
		{167746D2-2625-4E4E-883B-CFD4A1A853DC}.Debug|Any CPU.Build.0 = Debug|Any CPU
		{167746D2-2625-4E4E-883B-CFD4A1A853DC}.Release|Any CPU.ActiveCfg = Release|Any CPU
		{167746D2-2625-4E4E-883B-CFD4A1A853DC}.Release|Any CPU.Build.0 = Release|Any CPU
		{1C668F87-C50C-469D-88C4-D578D53C619F}.Debug|Any CPU.ActiveCfg = Debug|Any CPU
		{1C668F87-C50C-469D-88C4-D578D53C619F}.Debug|Any CPU.Build.0 = Debug|Any CPU
		{1C668F87-C50C-469D-88C4-D578D53C619F}.Release|Any CPU.ActiveCfg = Release|Any CPU
		{1C668F87-C50C-469D-88C4-D578D53C619F}.Release|Any CPU.Build.0 = Release|Any CPU
		{9FA2DF8C-60DB-4FDF-A150-818F5F5AD8EA}.Debug|Any CPU.ActiveCfg = Debug|Any CPU
		{9FA2DF8C-60DB-4FDF-A150-818F5F5AD8EA}.Debug|Any CPU.Build.0 = Debug|Any CPU
		{9FA2DF8C-60DB-4FDF-A150-818F5F5AD8EA}.Release|Any CPU.ActiveCfg = Release|Any CPU
		{9FA2DF8C-60DB-4FDF-A150-818F5F5AD8EA}.Release|Any CPU.Build.0 = Release|Any CPU
		{C991CE8D-697A-4F6A-B7DB-04C470571E47}.Debug|Any CPU.ActiveCfg = Debug|Any CPU
		{C991CE8D-697A-4F6A-B7DB-04C470571E47}.Debug|Any CPU.Build.0 = Debug|Any CPU
		{C991CE8D-697A-4F6A-B7DB-04C470571E47}.Release|Any CPU.ActiveCfg = Release|Any CPU
		{C991CE8D-697A-4F6A-B7DB-04C470571E47}.Release|Any CPU.Build.0 = Release|Any CPU
		{C06530A5-BFCF-4653-AB08-4D3B93380630}.Debug|Any CPU.ActiveCfg = Debug|Any CPU
		{C06530A5-BFCF-4653-AB08-4D3B93380630}.Debug|Any CPU.Build.0 = Debug|Any CPU
		{C06530A5-BFCF-4653-AB08-4D3B93380630}.Release|Any CPU.ActiveCfg = Release|Any CPU
		{C06530A5-BFCF-4653-AB08-4D3B93380630}.Release|Any CPU.Build.0 = Release|Any CPU
		{A8264D82-52CE-48BF-89B5-3F71310C0B63}.Debug|Any CPU.ActiveCfg = Debug|Any CPU
		{A8264D82-52CE-48BF-89B5-3F71310C0B63}.Debug|Any CPU.Build.0 = Debug|Any CPU
		{A8264D82-52CE-48BF-89B5-3F71310C0B63}.Release|Any CPU.ActiveCfg = Release|Any CPU
		{A8264D82-52CE-48BF-89B5-3F71310C0B63}.Release|Any CPU.Build.0 = Release|Any CPU
		{A959C503-4C87-4B1C-AC44-2A6CF897EB3E}.Debug|Any CPU.ActiveCfg = Debug|Any CPU
		{A959C503-4C87-4B1C-AC44-2A6CF897EB3E}.Debug|Any CPU.Build.0 = Debug|Any CPU
		{A959C503-4C87-4B1C-AC44-2A6CF897EB3E}.Release|Any CPU.ActiveCfg = Release|Any CPU
		{A959C503-4C87-4B1C-AC44-2A6CF897EB3E}.Release|Any CPU.Build.0 = Release|Any CPU
		{201AA91A-9313-40AF-81D6-50B78C5D2531}.Debug|Any CPU.ActiveCfg = Debug|Any CPU
		{201AA91A-9313-40AF-81D6-50B78C5D2531}.Debug|Any CPU.Build.0 = Debug|Any CPU
		{201AA91A-9313-40AF-81D6-50B78C5D2531}.Release|Any CPU.ActiveCfg = Release|Any CPU
		{201AA91A-9313-40AF-81D6-50B78C5D2531}.Release|Any CPU.Build.0 = Release|Any CPU
		{08888D4E-17B4-46B3-A4AF-698E356311C2}.Debug|Any CPU.ActiveCfg = Debug|Any CPU
		{08888D4E-17B4-46B3-A4AF-698E356311C2}.Debug|Any CPU.Build.0 = Debug|Any CPU
		{08888D4E-17B4-46B3-A4AF-698E356311C2}.Release|Any CPU.ActiveCfg = Release|Any CPU
		{08888D4E-17B4-46B3-A4AF-698E356311C2}.Release|Any CPU.Build.0 = Release|Any CPU
		{83221549-D76A-4E3A-B8DB-3CD4F2CFCA6A}.Debug|Any CPU.ActiveCfg = Debug|Any CPU
		{83221549-D76A-4E3A-B8DB-3CD4F2CFCA6A}.Debug|Any CPU.Build.0 = Debug|Any CPU
		{83221549-D76A-4E3A-B8DB-3CD4F2CFCA6A}.Release|Any CPU.ActiveCfg = Release|Any CPU
		{83221549-D76A-4E3A-B8DB-3CD4F2CFCA6A}.Release|Any CPU.Build.0 = Release|Any CPU
	EndGlobalSection
EndGlobal
