
Microsoft Visual Studio Solution File, Format Version 12.00
# Visual Studio Version 17
VisualStudioVersion = 17.5.002.0
MinimumVisualStudioVersion = 10.0.40219.1
Project("{9A19103F-16F7-4668-BE54-9A1E7A4F7556}") = "Soru3", "Soru3.csproj", "{D3A6FB94-1558-49B3-B662-4AB2DE27F65C}"
EndProject
Global
	GlobalSection(SolutionConfigurationPlatforms) = preSolution
		Debug|Any CPU = Debug|Any CPU
		Release|Any CPU = Release|Any CPU
	EndGlobalSection
	GlobalSection(ProjectConfigurationPlatforms) = postSolution
		{D3A6FB94-1558-49B3-B662-4AB2DE27F65C}.Debug|Any CPU.ActiveCfg = Debug|Any CPU
		{D3A6FB94-1558-49B3-B662-4AB2DE27F65C}.Debug|Any CPU.Build.0 = Debug|Any CPU
		{D3A6FB94-1558-49B3-B662-4AB2DE27F65C}.Release|Any CPU.ActiveCfg = Release|Any CPU
		{D3A6FB94-1558-49B3-B662-4AB2DE27F65C}.Release|Any CPU.Build.0 = Release|Any CPU
	EndGlobalSection
	GlobalSection(SolutionProperties) = preSolution
		HideSolutionNode = FALSE
	EndGlobalSection
	GlobalSection(ExtensibilityGlobals) = postSolution
		SolutionGuid = {BCF5007A-E5F4-4852-BAF7-0EC7AE5D35FE}
	EndGlobalSection
EndGlobal
