
Microsoft Visual Studio Solution File, Format Version 12.00
# Visual Studio Version 17
VisualStudioVersion = 17.5.002.0
MinimumVisualStudioVersion = 10.0.40219.1
Project("{9A19103F-16F7-4668-BE54-9A1E7A4F7556}") = "Soru6", "Soru6.csproj", "{97A7EE60-B84D-47CF-A678-0C2D96ACA40D}"
EndProject
Global
	GlobalSection(SolutionConfigurationPlatforms) = preSolution
		Debug|Any CPU = Debug|Any CPU
		Release|Any CPU = Release|Any CPU
	EndGlobalSection
	GlobalSection(ProjectConfigurationPlatforms) = postSolution
		{97A7EE60-B84D-47CF-A678-0C2D96ACA40D}.Debug|Any CPU.ActiveCfg = Debug|Any CPU
		{97A7EE60-B84D-47CF-A678-0C2D96ACA40D}.Debug|Any CPU.Build.0 = Debug|Any CPU
		{97A7EE60-B84D-47CF-A678-0C2D96ACA40D}.Release|Any CPU.ActiveCfg = Release|Any CPU
		{97A7EE60-B84D-47CF-A678-0C2D96ACA40D}.Release|Any CPU.Build.0 = Release|Any CPU
	EndGlobalSection
	GlobalSection(SolutionProperties) = preSolution
		HideSolutionNode = FALSE
	EndGlobalSection
	GlobalSection(ExtensibilityGlobals) = postSolution
		SolutionGuid = {EDCC13F2-4F90-409F-817D-A40F4027B206}
	EndGlobalSection
EndGlobal
