
Microsoft Visual Studio Solution File, Format Version 12.00
# Visual Studio Version 17
VisualStudioVersion = 17.5.002.0
MinimumVisualStudioVersion = 10.0.40219.1
Project("{9A19103F-16F7-4668-BE54-9A1E7A4F7556}") = "Soru8", "Soru8.csproj", "{0E97D4E1-56CD-4CA1-A4F4-3B69EAE973B8}"
EndProject
Global
	GlobalSection(SolutionConfigurationPlatforms) = preSolution
		Debug|Any CPU = Debug|Any CPU
		Release|Any CPU = Release|Any CPU
	EndGlobalSection
	GlobalSection(ProjectConfigurationPlatforms) = postSolution
		{0E97D4E1-56CD-4CA1-A4F4-3B69EAE973B8}.Debug|Any CPU.ActiveCfg = Debug|Any CPU
		{0E97D4E1-56CD-4CA1-A4F4-3B69EAE973B8}.Debug|Any CPU.Build.0 = Debug|Any CPU
		{0E97D4E1-56CD-4CA1-A4F4-3B69EAE973B8}.Release|Any CPU.ActiveCfg = Release|Any CPU
		{0E97D4E1-56CD-4CA1-A4F4-3B69EAE973B8}.Release|Any CPU.Build.0 = Release|Any CPU
	EndGlobalSection
	GlobalSection(SolutionProperties) = preSolution
		HideSolutionNode = FALSE
	EndGlobalSection
	GlobalSection(ExtensibilityGlobals) = postSolution
		SolutionGuid = {2F613DAE-16A1-4592-892A-9648C1CFD1D7}
	EndGlobalSection
EndGlobal
