
Microsoft Visual Studio Solution File, Format Version 12.00
# Visual Studio Version 17
VisualStudioVersion = 17.5.002.0
MinimumVisualStudioVersion = 10.0.40219.1
Project("{9A19103F-16F7-4668-BE54-9A1E7A4F7556}") = "Soru2", "Soru2.csproj", "{0E973564-377C-4F1C-BCE5-11D627B8505A}"
EndProject
Global
	GlobalSection(SolutionConfigurationPlatforms) = preSolution
		Debug|Any CPU = Debug|Any CPU
		Release|Any CPU = Release|Any CPU
	EndGlobalSection
	GlobalSection(ProjectConfigurationPlatforms) = postSolution
		{0E973564-377C-4F1C-BCE5-11D627B8505A}.Debug|Any CPU.ActiveCfg = Debug|Any CPU
		{0E973564-377C-4F1C-BCE5-11D627B8505A}.Debug|Any CPU.Build.0 = Debug|Any CPU
		{0E973564-377C-4F1C-BCE5-11D627B8505A}.Release|Any CPU.ActiveCfg = Release|Any CPU
		{0E973564-377C-4F1C-BCE5-11D627B8505A}.Release|Any CPU.Build.0 = Release|Any CPU
	EndGlobalSection
	GlobalSection(SolutionProperties) = preSolution
		HideSolutionNode = FALSE
	EndGlobalSection
	GlobalSection(ExtensibilityGlobals) = postSolution
		SolutionGuid = {1D8A6947-BE4E-4F39-8A74-A39ED6FEA2BB}
	EndGlobalSection
EndGlobal
