
Microsoft Visual Studio Solution File, Format Version 12.00
# Visual Studio Version 17
VisualStudioVersion = 17.5.002.0
MinimumVisualStudioVersion = 10.0.40219.1
Project("{9A19103F-16F7-4668-BE54-9A1E7A4F7556}") = "Soru5", "Soru5.csproj", "{82633A1F-BC72-4774-88C0-9CE6C3151B03}"
EndProject
Global
	GlobalSection(SolutionConfigurationPlatforms) = preSolution
		Debug|Any CPU = Debug|Any CPU
		Release|Any CPU = Release|Any CPU
	EndGlobalSection
	GlobalSection(ProjectConfigurationPlatforms) = postSolution
		{82633A1F-BC72-4774-88C0-9CE6C3151B03}.Debug|Any CPU.ActiveCfg = Debug|Any CPU
		{82633A1F-BC72-4774-88C0-9CE6C3151B03}.Debug|Any CPU.Build.0 = Debug|Any CPU
		{82633A1F-BC72-4774-88C0-9CE6C3151B03}.Release|Any CPU.ActiveCfg = Release|Any CPU
		{82633A1F-BC72-4774-88C0-9CE6C3151B03}.Release|Any CPU.Build.0 = Release|Any CPU
	EndGlobalSection
	GlobalSection(SolutionProperties) = preSolution
		HideSolutionNode = FALSE
	EndGlobalSection
	GlobalSection(ExtensibilityGlobals) = postSolution
		SolutionGuid = {154230F1-2AF1-4155-BD41-2C41D96B5587}
	EndGlobalSection
EndGlobal
