
Microsoft Visual Studio Solution File, Format Version 12.00
# Visual Studio Version 17
VisualStudioVersion = 17.5.002.0
MinimumVisualStudioVersion = 10.0.40219.1
Project("{9A19103F-16F7-4668-BE54-9A1E7A4F7556}") = "Soru7", "Soru7.csproj", "{2DC6D797-0A67-4819-8C40-4A71D0D700BF}"
EndProject
Global
	GlobalSection(SolutionConfigurationPlatforms) = preSolution
		Debug|Any CPU = Debug|Any CPU
		Release|Any CPU = Release|Any CPU
	EndGlobalSection
	GlobalSection(ProjectConfigurationPlatforms) = postSolution
		{2DC6D797-0A67-4819-8C40-4A71D0D700BF}.Debug|Any CPU.ActiveCfg = Debug|Any CPU
		{2DC6D797-0A67-4819-8C40-4A71D0D700BF}.Debug|Any CPU.Build.0 = Debug|Any CPU
		{2DC6D797-0A67-4819-8C40-4A71D0D700BF}.Release|Any CPU.ActiveCfg = Release|Any CPU
		{2DC6D797-0A67-4819-8C40-4A71D0D700BF}.Release|Any CPU.Build.0 = Release|Any CPU
	EndGlobalSection
	GlobalSection(SolutionProperties) = preSolution
		HideSolutionNode = FALSE
	EndGlobalSection
	GlobalSection(ExtensibilityGlobals) = postSolution
		SolutionGuid = {7EEB203A-11FF-4AF6-A9B9-A04F43A34192}
	EndGlobalSection
EndGlobal
